
Microsoft Visual Studio Solution File, Format Version 12.00
# Visual Studio 2013
VisualStudioVersion = 12.0.31101.0
MinimumVisualStudioVersion = 10.0.40219.1
Project("{FAE04EC0-301F-11D3-BF4B-00C04F79EFBC}") = "DBC Viewer", "DBC Viewer\DBC Viewer.csproj", "{04F8B0DA-4747-40DA-AA73-40BB50F6185C}"
EndProject
Project("{FAE04EC0-301F-11D3-BF4B-00C04F79EFBC}") = "WowDataFileParser", "WowDataFileParser\WowDataFileParser.csproj", "{8C61615B-ACEB-421F-AC84-B7EDE6620998}"
EndProject
Global
	GlobalSection(SolutionConfigurationPlatforms) = preSolution
		Debug|Any CPU = Debug|Any CPU
		Release|Any CPU = Release|Any CPU
	EndGlobalSection
	GlobalSection(ProjectConfigurationPlatforms) = postSolution
		{04F8B0DA-4747-40DA-AA73-40BB50F6185C}.Debug|Any CPU.ActiveCfg = Debug|Any CPU
		{04F8B0DA-4747-40DA-AA73-40BB50F6185C}.Debug|Any CPU.Build.0 = Debug|Any CPU
		{04F8B0DA-4747-40DA-AA73-40BB50F6185C}.Release|Any CPU.ActiveCfg = Release|Any CPU
		{04F8B0DA-4747-40DA-AA73-40BB50F6185C}.Release|Any CPU.Build.0 = Release|Any CPU
		{8C61615B-ACEB-421F-AC84-B7EDE6620998}.Debug|Any CPU.ActiveCfg = Debug|x86
		{8C61615B-ACEB-421F-AC84-B7EDE6620998}.Release|Any CPU.ActiveCfg = Release|x86
		{8C61615B-ACEB-421F-AC84-B7EDE6620998}.Release|Any CPU.Build.0 = Release|x86
	EndGlobalSection
	GlobalSection(SolutionProperties) = preSolution
		HideSolutionNode = FALSE
	EndGlobalSection
EndGlobal
